
Microsoft Visual Studio Solution File, Format Version 12.00
# Visual Studio Version 17
VisualStudioVersion = 17.8.34511.84
MinimumVisualStudioVersion = 10.0.40219.1
Project("{F184B08F-C81C-45F6-A57F-5ABD9991F28F}") = "Wholesale Stock_Management_System", "Stock_Management_System\Wholesale Stock_Management_System.vbproj", "{204E17D1-BD9E-42B5-A5CD-294BB425E048}"
EndProject
Project("{2150E333-8FDC-42A3-9474-1A3956D46DE8}") = "Solution Items", "Solution Items", "{336C47EC-46F7-4687-8C9E-092D1B8ABB7D}"
	ProjectSection(SolutionItems) = preProject
		.editorconfig = .editorconfig
	EndProjectSection
EndProject
Global
	GlobalSection(SolutionConfigurationPlatforms) = preSolution
		Debug|Any CPU = Debug|Any CPU
		Release|Any CPU = Release|Any CPU
	EndGlobalSection
	GlobalSection(ProjectConfigurationPlatforms) = postSolution
		{204E17D1-BD9E-42B5-A5CD-294BB425E048}.Debug|Any CPU.ActiveCfg = Debug|Any CPU
		{204E17D1-BD9E-42B5-A5CD-294BB425E048}.Debug|Any CPU.Build.0 = Debug|Any CPU
		{204E17D1-BD9E-42B5-A5CD-294BB425E048}.Release|Any CPU.ActiveCfg = Release|Any CPU
		{204E17D1-BD9E-42B5-A5CD-294BB425E048}.Release|Any CPU.Build.0 = Release|Any CPU
	EndGlobalSection
	GlobalSection(SolutionProperties) = preSolution
		HideSolutionNode = FALSE
	EndGlobalSection
	GlobalSection(ExtensibilityGlobals) = postSolution
		SolutionGuid = {4BC74D4D-1EF9-42C0-A075-2033D97FB8DB}
	EndGlobalSection
EndGlobal
